
Microsoft Visual Studio Solution File, Format Version 12.00
# Visual Studio 15
VisualStudioVersion = 15.0.28010.2041
MinimumVisualStudioVersion = 10.0.40219.1
Project("{FAE04EC0-301F-11D3-BF4B-00C04F79EFBC}") = "Experiment1.1", "Experiment1.1\Experiment1.1.csproj", "{0A880A22-DF6F-4EB6-847A-D7D09A5547BE}"
EndProject
Global
	GlobalSection(SolutionConfigurationPlatforms) = preSolution
		Debug|Any CPU = Debug|Any CPU
		Release|Any CPU = Release|Any CPU
	EndGlobalSection
	GlobalSection(ProjectConfigurationPlatforms) = postSolution
		{0A880A22-DF6F-4EB6-847A-D7D09A5547BE}.Debug|Any CPU.ActiveCfg = Debug|Any CPU
		{0A880A22-DF6F-4EB6-847A-D7D09A5547BE}.Debug|Any CPU.Build.0 = Debug|Any CPU
		{0A880A22-DF6F-4EB6-847A-D7D09A5547BE}.Release|Any CPU.ActiveCfg = Release|Any CPU
		{0A880A22-DF6F-4EB6-847A-D7D09A5547BE}.Release|Any CPU.Build.0 = Release|Any CPU
	EndGlobalSection
	GlobalSection(SolutionProperties) = preSolution
		HideSolutionNode = FALSE
	EndGlobalSection
	GlobalSection(ExtensibilityGlobals) = postSolution
		SolutionGuid = {0D9E897F-5878-4D92-91CB-8BD102C5E923}
	EndGlobalSection
EndGlobal
